// !$*UTF8*$!
{
	archiveVersion = 1;
	classes = {
	};
	objectVersion = 56;
	objects = {

/* Begin PBXBuildFile section */
		7A0334292BAC832C006DE79B /* CharacterDatail.swift in Sources */ = {isa = PBXBuildFile; fileRef = 7A0334282BAC832C006DE79B /* CharacterDatail.swift */; };
		7A03342B2BAC8BEB006DE79B /* ContentView+CellView.swift in Sources */ = {isa = PBXBuildFile; fileRef = 7A03342A2BAC8BEB006DE79B /* ContentView+CellView.swift */; };
		7A22B0BB2BADF39200B070E7 /* ModelData.swift in Sources */ = {isa = PBXBuildFile; fileRef = 7A22B0BA2BADF39200B070E7 /* ModelData.swift */; };
		7A4C5E7E2BAAFB9600E35AFF /* RickAndMortyAPIApp.swift in Sources */ = {isa = PBXBuildFile; fileRef = 7A4C5E7D2BAAFB9600E35AFF /* RickAndMortyAPIApp.swift */; };
		7A4C5E802BAAFB9600E35AFF /* ContentView.swift in Sources */ = {isa = PBXBuildFile; fileRef = 7A4C5E7F2BAAFB9600E35AFF /* ContentView.swift */; };
		7A4C5E822BAAFB9700E35AFF /* Assets.xcassets in Resources */ = {isa = PBXBuildFile; fileRef = 7A4C5E812BAAFB9700E35AFF /* Assets.xcassets */; };
		7A4C5E852BAAFB9700E35AFF /* Preview Assets.xcassets in Resources */ = {isa = PBXBuildFile; fileRef = 7A4C5E842BAAFB9700E35AFF /* Preview Assets.xcassets */; };
		7A4C5E8C2BAAFBC400E35AFF /* NetworkProvider.swift in Sources */ = {isa = PBXBuildFile; fileRef = 7A4C5E8B2BAAFBC400E35AFF /* NetworkProvider.swift */; };
		7AA69D062BABEA4600DBA0AF /* Character.swift in Sources */ = {isa = PBXBuildFile; fileRef = 7AA69D052BABEA4600DBA0AF /* Character.swift */; };
/* End PBXBuildFile section */

/* Begin PBXFileReference section */
		7A0334282BAC832C006DE79B /* CharacterDatail.swift */ = {isa = PBXFileReference; lastKnownFileType = sourcecode.swift; path = CharacterDatail.swift; sourceTree = "<group>"; };
		7A03342A2BAC8BEB006DE79B /* ContentView+CellView.swift */ = {isa = PBXFileReference; lastKnownFileType = sourcecode.swift; path = "ContentView+CellView.swift"; sourceTree = "<group>"; };
		7A22B0BA2BADF39200B070E7 /* ModelData.swift */ = {isa = PBXFileReference; lastKnownFileType = sourcecode.swift; path = ModelData.swift; sourceTree = "<group>"; };
		7A4C5E7A2BAAFB9600E35AFF /* RickAndMortyAPI.app */ = {isa = PBXFileReference; explicitFileType = wrapper.application; includeInIndex = 0; path = RickAndMortyAPI.app; sourceTree = BUILT_PRODUCTS_DIR; };
		7A4C5E7D2BAAFB9600E35AFF /* RickAndMortyAPIApp.swift */ = {isa = PBXFileReference; lastKnownFileType = sourcecode.swift; path = RickAndMortyAPIApp.swift; sourceTree = "<group>"; };
		7A4C5E7F2BAAFB9600E35AFF /* ContentView.swift */ = {isa = PBXFileReference; lastKnownFileType = sourcecode.swift; path = ContentView.swift; sourceTree = "<group>"; };
		7A4C5E812BAAFB9700E35AFF /* Assets.xcassets */ = {isa = PBXFileReference; lastKnownFileType = folder.assetcatalog; path = Assets.xcassets; sourceTree = "<group>"; };
		7A4C5E842BAAFB9700E35AFF /* Preview Assets.xcassets */ = {isa = PBXFileReference; lastKnownFileType = folder.assetcatalog; path = "Preview Assets.xcassets"; sourceTree = "<group>"; };
		7A4C5E8B2BAAFBC400E35AFF /* NetworkProvider.swift */ = {isa = PBXFileReference; lastKnownFileType = sourcecode.swift; path = NetworkProvider.swift; sourceTree = "<group>"; };
		7AA69D052BABEA4600DBA0AF /* Character.swift */ = {isa = PBXFileReference; lastKnownFileType = sourcecode.swift; path = Character.swift; sourceTree = "<group>"; };
/* End PBXFileReference section */

/* Begin PBXFrameworksBuildPhase section */
		7A4C5E772BAAFB9600E35AFF /* Frameworks */ = {
			isa = PBXFrameworksBuildPhase;
			buildActionMask = 2147483647;
			files = (
			);
			runOnlyForDeploymentPostprocessing = 0;
		};
/* End PBXFrameworksBuildPhase section */

/* Begin PBXGroup section */
		7A09F6A32BB075A70078349B /* Characters */ = {
			isa = PBXGroup;
			children = (
				7A0334282BAC832C006DE79B /* CharacterDatail.swift */,
				7A03342A2BAC8BEB006DE79B /* ContentView+CellView.swift */,
			);
			path = Characters;
			sourceTree = "<group>";
		};
		7A4C5E712BAAFB9600E35AFF = {
			isa = PBXGroup;
			children = (
				7A4C5E7C2BAAFB9600E35AFF /* RickAndMortyAPI */,
				7A4C5E7B2BAAFB9600E35AFF /* Products */,
			);
			sourceTree = "<group>";
		};
		7A4C5E7B2BAAFB9600E35AFF /* Products */ = {
			isa = PBXGroup;
			children = (
				7A4C5E7A2BAAFB9600E35AFF /* RickAndMortyAPI.app */,
			);
			name = Products;
			sourceTree = "<group>";
		};
		7A4C5E7C2BAAFB9600E35AFF /* RickAndMortyAPI */ = {
			isa = PBXGroup;
			children = (
				7A4C5E7D2BAAFB9600E35AFF /* RickAndMortyAPIApp.swift */,
				7A7288172BB3DED600AC3C8A /* Views */,
				7A7288162BB3D71400AC3C8A /* Model */,
				7A7288182BB3E07900AC3C8A /* Network */,
				7A4C5E812BAAFB9700E35AFF /* Assets.xcassets */,
				7A4C5E832BAAFB9700E35AFF /* Preview Content */,
			);
			path = RickAndMortyAPI;
			sourceTree = "<group>";
		};
		7A4C5E832BAAFB9700E35AFF /* Preview Content */ = {
			isa = PBXGroup;
			children = (
				7A4C5E842BAAFB9700E35AFF /* Preview Assets.xcassets */,
			);
			path = "Preview Content";
			sourceTree = "<group>";
		};
		7A7288162BB3D71400AC3C8A /* Model */ = {
			isa = PBXGroup;
			children = (
				7AA69D052BABEA4600DBA0AF /* Character.swift */,
				7A22B0BA2BADF39200B070E7 /* ModelData.swift */,
			);
			path = Model;
			sourceTree = "<group>";
		};
		7A7288172BB3DED600AC3C8A /* Views */ = {
			isa = PBXGroup;
			children = (
				7A4C5E7F2BAAFB9600E35AFF /* ContentView.swift */,
				7A09F6A32BB075A70078349B /* Characters */,
			);
			path = Views;
			sourceTree = "<group>";
		};
		7A7288182BB3E07900AC3C8A /* Network */ = {
			isa = PBXGroup;
			children = (
				7A4C5E8B2BAAFBC400E35AFF /* NetworkProvider.swift */,
			);
			path = Network;
			sourceTree = "<group>";
		};
/* End PBXGroup section */

/* Begin PBXNativeTarget section */
		7A4C5E792BAAFB9600E35AFF /* RickAndMortyAPI */ = {
			isa = PBXNativeTarget;
			buildConfigurationList = 7A4C5E882BAAFB9700E35AFF /* Build configuration list for PBXNativeTarget "RickAndMortyAPI" */;
			buildPhases = (
				7A4C5E762BAAFB9600E35AFF /* Sources */,
				7A4C5E772BAAFB9600E35AFF /* Frameworks */,
				7A4C5E782BAAFB9600E35AFF /* Resources */,
			);
			buildRules = (
			);
			dependencies = (
			);
			name = RickAndMortyAPI;
			productName = RickAndMortyAPI;
			productReference = 7A4C5E7A2BAAFB9600E35AFF /* RickAndMortyAPI.app */;
			productType = "com.apple.product-type.application";
		};
/* End PBXNativeTarget section */

/* Begin PBXProject section */
		7A4C5E722BAAFB9600E35AFF /* Project object */ = {
			isa = PBXProject;
			attributes = {
				BuildIndependentTargetsInParallel = 1;
				LastSwiftUpdateCheck = 1530;
				LastUpgradeCheck = 1530;
				TargetAttributes = {
					7A4C5E792BAAFB9600E35AFF = {
						CreatedOnToolsVersion = 15.3;
					};
				};
			};
			buildConfigurationList = 7A4C5E752BAAFB9600E35AFF /* Build configuration list for PBXProject "RickAndMortyAPI" */;
			compatibilityVersion = "Xcode 14.0";
			developmentRegion = en;
			hasScannedForEncodings = 0;
			knownRegions = (
				en,
				Base,
			);
			mainGroup = 7A4C5E712BAAFB9600E35AFF;
			productRefGroup = 7A4C5E7B2BAAFB9600E35AFF /* Products */;
			projectDirPath = "";
			projectRoot = "";
			targets = (
				7A4C5E792BAAFB9600E35AFF /* RickAndMortyAPI */,
			);
		};
/* End PBXProject section */

/* Begin PBXResourcesBuildPhase section */
		7A4C5E782BAAFB9600E35AFF /* Resources */ = {
			isa = PBXResourcesBuildPhase;
			buildActionMask = 2147483647;
			files = (
				7A4C5E852BAAFB9700E35AFF /* Preview Assets.xcassets in Resources */,
				7A4C5E822BAAFB9700E35AFF /* Assets.xcassets in Resources */,
			);
			runOnlyForDeploymentPostprocessing = 0;
		};
/* End PBXResourcesBuildPhase section */

/* Begin PBXSourcesBuildPhase section */
		7A4C5E762BAAFB9600E35AFF /* Sources */ = {
			isa = PBXSourcesBuildPhase;
			buildActionMask = 2147483647;
			files = (
				7A0334292BAC832C006DE79B /* CharacterDatail.swift in Sources */,
				7A4C5E802BAAFB9600E35AFF /* ContentView.swift in Sources */,
				7A4C5E7E2BAAFB9600E35AFF /* RickAndMortyAPIApp.swift in Sources */,
				7A03342B2BAC8BEB006DE79B /* ContentView+CellView.swift in Sources */,
				7A4C5E8C2BAAFBC400E35AFF /* NetworkProvider.swift in Sources */,
				7AA69D062BABEA4600DBA0AF /* Character.swift in Sources */,
				7A22B0BB2BADF39200B070E7 /* ModelData.swift in Sources */,
			);
			runOnlyForDeploymentPostprocessing = 0;
		};
/* End PBXSourcesBuildPhase section */

/* Begin XCBuildConfiguration section */
		7A4C5E862BAAFB9700E35AFF /* Debug */ = {
			isa = XCBuildConfiguration;
			buildSettings = {
				ALWAYS_SEARCH_USER_PATHS = NO;
				ASSETCATALOG_COMPILER_GENERATE_SWIFT_ASSET_SYMBOL_EXTENSIONS = YES;
				CLANG_ANALYZER_NONNULL = YES;
				CLANG_ANALYZER_NUMBER_OBJECT_CONVERSION = YES_AGGRESSIVE;
				CLANG_CXX_LANGUAGE_STANDARD = "gnu++20";
				CLANG_ENABLE_MODULES = YES;
				CLANG_ENABLE_OBJC_ARC = YES;
				CLANG_ENABLE_OBJC_WEAK = YES;
				CLANG_WARN_BLOCK_CAPTURE_AUTORELEASING = YES;
				CLANG_WARN_BOOL_CONVERSION = YES;
				CLANG_WARN_COMMA = YES;
				CLANG_WARN_CONSTANT_CONVERSION = YES;
				CLANG_WARN_DEPRECATED_OBJC_IMPLEMENTATIONS = YES;
				CLANG_WARN_DIRECT_OBJC_ISA_USAGE = YES_ERROR;
				CLANG_WARN_DOCUMENTATION_COMMENTS = YES;
				CLANG_WARN_EMPTY_BODY = YES;
				CLANG_WARN_ENUM_CONVERSION = YES;
				CLANG_WARN_INFINITE_RECURSION = YES;
				CLANG_WARN_INT_CONVERSION = YES;
				CLANG_WARN_NON_LITERAL_NULL_CONVERSION = YES;
				CLANG_WARN_OBJC_IMPLICIT_RETAIN_SELF = YES;
				CLANG_WARN_OBJC_LITERAL_CONVERSION = YES;
				CLANG_WARN_OBJC_ROOT_CLASS = YES_ERROR;
				CLANG_WARN_QUOTED_INCLUDE_IN_FRAMEWORK_HEADER = YES;
				CLANG_WARN_RANGE_LOOP_ANALYSIS = YES;
				CLANG_WARN_STRICT_PROTOTYPES = YES;
				CLANG_WARN_SUSPICIOUS_MOVE = YES;
				CLANG_WARN_UNGUARDED_AVAILABILITY = YES_AGGRESSIVE;
				CLANG_WARN_UNREACHABLE_CODE = YES;
				CLANG_WARN__DUPLICATE_METHOD_MATCH = YES;
				COPY_PHASE_STRIP = NO;
				DEBUG_INFORMATION_FORMAT = dwarf;
				ENABLE_STRICT_OBJC_MSGSEND = YES;
				ENABLE_TESTABILITY = YES;
				ENABLE_USER_SCRIPT_SANDBOXING = YES;
				GCC_C_LANGUAGE_STANDARD = gnu17;
				GCC_DYNAMIC_NO_PIC = NO;
				GCC_NO_COMMON_BLOCKS = YES;
				GCC_OPTIMIZATION_LEVEL = 0;
				GCC_PREPROCESSOR_DEFINITIONS = (
					"DEBUG=1",
					"$(inherited)",
				);
				GCC_WARN_64_TO_32_BIT_CONVERSION = YES;
				GCC_WARN_ABOUT_RETURN_TYPE = YES_ERROR;
				GCC_WARN_UNDECLARED_SELECTOR = YES;
				GCC_WARN_UNINITIALIZED_AUTOS = YES_AGGRESSIVE;
				GCC_WARN_UNUSED_FUNCTION = YES;
				GCC_WARN_UNUSED_VARIABLE = YES;
				IPHONEOS_DEPLOYMENT_TARGET = 16.1;
				LOCALIZATION_PREFERS_STRING_CATALOGS = YES;
				MTL_ENABLE_DEBUG_INFO = INCLUDE_SOURCE;
				MTL_FAST_MATH = YES;
				ONLY_ACTIVE_ARCH = YES;
				SDKROOT = iphoneos;
				SWIFT_ACTIVE_COMPILATION_CONDITIONS = "DEBUG $(inherited)";
				SWIFT_OPTIMIZATION_LEVEL = "-Onone";
			};
			name = Debug;
		};
		7A4C5E872BAAFB9700E35AFF /* Release */ = {
			isa = XCBuildConfiguration;
			buildSettings = {
				ALWAYS_SEARCH_USER_PATHS = NO;
				ASSETCATALOG_COMPILER_GENERATE_SWIFT_ASSET_SYMBOL_EXTENSIONS = YES;
				CLANG_ANALYZER_NONNULL = YES;
				CLANG_ANALYZER_NUMBER_OBJECT_CONVERSION = YES_AGGRESSIVE;
				CLANG_CXX_LANGUAGE_STANDARD = "gnu++20";
				CLANG_ENABLE_MODULES = YES;
				CLANG_ENABLE_OBJC_ARC = YES;
				CLANG_ENABLE_OBJC_WEAK = YES;
				CLANG_WARN_BLOCK_CAPTURE_AUTORELEASING = YES;
				CLANG_WARN_BOOL_CONVERSION = YES;
				CLANG_WARN_COMMA = YES;
				CLANG_WARN_CONSTANT_CONVERSION = YES;
				CLANG_WARN_DEPRECATED_OBJC_IMPLEMENTATIONS = YES;
				CLANG_WARN_DIRECT_OBJC_ISA_USAGE = YES_ERROR;
				CLANG_WARN_DOCUMENTATION_COMMENTS = YES;
				CLANG_WARN_EMPTY_BODY = YES;
				CLANG_WARN_ENUM_CONVERSION = YES;
				CLANG_WARN_INFINITE_RECURSION = YES;
				CLANG_WARN_INT_CONVERSION = YES;
				CLANG_WARN_NON_LITERAL_NULL_CONVERSION = YES;
				CLANG_WARN_OBJC_IMPLICIT_RETAIN_SELF = YES;
				CLANG_WARN_OBJC_LITERAL_CONVERSION = YES;
				CLANG_WARN_OBJC_ROOT_CLASS = YES_ERROR;
				CLANG_WARN_QUOTED_INCLUDE_IN_FRAMEWORK_HEADER = YES;
				CLANG_WARN_RANGE_LOOP_ANALYSIS = YES;
				CLANG_WARN_STRICT_PROTOTYPES = YES;
				CLANG_WARN_SUSPICIOUS_MOVE = YES;
				CLANG_WARN_UNGUARDED_AVAILABILITY = YES_AGGRESSIVE;
				CLANG_WARN_UNREACHABLE_CODE = YES;
				CLANG_WARN__DUPLICATE_METHOD_MATCH = YES;
				COPY_PHASE_STRIP = NO;
				DEBUG_INFORMATION_FORMAT = "dwarf-with-dsym";
				ENABLE_NS_ASSERTIONS = NO;
				ENABLE_STRICT_OBJC_MSGSEND = YES;
				ENABLE_USER_SCRIPT_SANDBOXING = YES;
				GCC_C_LANGUAGE_STANDARD = gnu17;
				GCC_NO_COMMON_BLOCKS = YES;
				GCC_WARN_64_TO_32_BIT_CONVERSION = YES;
				GCC_WARN_ABOUT_RETURN_TYPE = YES_ERROR;
				GCC_WARN_UNDECLARED_SELECTOR = YES;
				GCC_WARN_UNINITIALIZED_AUTOS = YES_AGGRESSIVE;
				GCC_WARN_UNUSED_FUNCTION = YES;
				GCC_WARN_UNUSED_VARIABLE = YES;
				IPHONEOS_DEPLOYMENT_TARGET = 16.1;
				LOCALIZATION_PREFERS_STRING_CATALOGS = YES;
				MTL_ENABLE_DEBUG_INFO = NO;
				MTL_FAST_MATH = YES;
				SDKROOT = iphoneos;
				SWIFT_COMPILATION_MODE = wholemodule;
				VALIDATE_PRODUCT = YES;
			};
			name = Release;
		};
		7A4C5E892BAAFB9700E35AFF /* Debug */ = {
			isa = XCBuildConfiguration;
			buildSettings = {
				ASSETCATALOG_COMPILER_APPICON_NAME = AppIcon;
				ASSETCATALOG_COMPILER_GLOBAL_ACCENT_COLOR_NAME = AccentColor;
				CODE_SIGN_STYLE = Automatic;
				CURRENT_PROJECT_VERSION = 1;
				DEVELOPMENT_ASSET_PATHS = "\"RickAndMortyAPI/Preview Content\"";
				DEVELOPMENT_TEAM = JFBZKLJ68V;
				ENABLE_PREVIEWS = YES;
				GENERATE_INFOPLIST_FILE = YES;
				INFOPLIST_KEY_UIApplicationSceneManifest_Generation = YES;
				INFOPLIST_KEY_UIApplicationSupportsIndirectInputEvents = YES;
				INFOPLIST_KEY_UILaunchScreen_Generation = YES;
				INFOPLIST_KEY_UISupportedInterfaceOrientations = UIInterfaceOrientationPortrait;
				IPHONEOS_DEPLOYMENT_TARGET = 16.1;
				LD_RUNPATH_SEARCH_PATHS = (
					"$(inherited)",
					"@executable_path/Frameworks",
				);
				MARKETING_VERSION = 1.0;
				PRODUCT_BUNDLE_IDENTIFIER = ekukarskiy.RickAndMortyAPI;
				PRODUCT_NAME = "$(TARGET_NAME)";
				SUPPORTED_PLATFORMS = "iphoneos iphonesimulator";
				SUPPORTS_MACCATALYST = NO;
				SUPPORTS_MAC_DESIGNED_FOR_IPHONE_IPAD = NO;
				SUPPORTS_XR_DESIGNED_FOR_IPHONE_IPAD = NO;
				SWIFT_EMIT_LOC_STRINGS = YES;
				SWIFT_VERSION = 5.0;
				TARGETED_DEVICE_FAMILY = "1,2";
			};
			name = Debug;
		};
		7A4C5E8A2BAAFB9700E35AFF /* Release */ = {
			isa = XCBuildConfiguration;
			buildSettings = {
				ASSETCATALOG_COMPILER_APPICON_NAME = AppIcon;
				ASSETCATALOG_COMPILER_GLOBAL_ACCENT_COLOR_NAME = AccentColor;
				CODE_SIGN_STYLE = Automatic;
				CURRENT_PROJECT_VERSION = 1;
				DEVELOPMENT_ASSET_PATHS = "\"RickAndMortyAPI/Preview Content\"";
				DEVELOPMENT_TEAM = JFBZKLJ68V;
				ENABLE_PREVIEWS = YES;
				GENERATE_INFOPLIST_FILE = YES;
				INFOPLIST_KEY_UIApplicationSceneManifest_Generation = YES;
				INFOPLIST_KEY_UIApplicationSupportsIndirectInputEvents = YES;
				INFOPLIST_KEY_UILaunchScreen_Generation = YES;
				INFOPLIST_KEY_UISupportedInterfaceOrientations = UIInterfaceOrientationPortrait;
				IPHONEOS_DEPLOYMENT_TARGET = 16.1;
				LD_RUNPATH_SEARCH_PATHS = (
					"$(inherited)",
					"@executable_path/Frameworks",
				);
				MARKETING_VERSION = 1.0;
				PRODUCT_BUNDLE_IDENTIFIER = ekukarskiy.RickAndMortyAPI;
				PRODUCT_NAME = "$(TARGET_NAME)";
				SUPPORTED_PLATFORMS = "iphoneos iphonesimulator";
				SUPPORTS_MACCATALYST = NO;
				SUPPORTS_MAC_DESIGNED_FOR_IPHONE_IPAD = NO;
				SUPPORTS_XR_DESIGNED_FOR_IPHONE_IPAD = NO;
				SWIFT_EMIT_LOC_STRINGS = YES;
				SWIFT_VERSION = 5.0;
				TARGETED_DEVICE_FAMILY = "1,2";
			};
			name = Release;
		};
/* End XCBuildConfiguration section */

/* Begin XCConfigurationList section */
		7A4C5E752BAAFB9600E35AFF /* Build configuration list for PBXProject "RickAndMortyAPI" */ = {
			isa = XCConfigurationList;
			buildConfigurations = (
				7A4C5E862BAAFB9700E35AFF /* Debug */,
				7A4C5E872BAAFB9700E35AFF /* Release */,
			);
			defaultConfigurationIsVisible = 0;
			defaultConfigurationName = Release;
		};
		7A4C5E882BAAFB9700E35AFF /* Build configuration list for PBXNativeTarget "RickAndMortyAPI" */ = {
			isa = XCConfigurationList;
			buildConfigurations = (
				7A4C5E892BAAFB9700E35AFF /* Debug */,
				7A4C5E8A2BAAFB9700E35AFF /* Release */,
			);
			defaultConfigurationIsVisible = 0;
			defaultConfigurationName = Release;
		};
/* End XCConfigurationList section */
	};
	rootObject = 7A4C5E722BAAFB9600E35AFF /* Project object */;
}
